
Microsoft Visual Studio Solution File, Format Version 12.00
# Visual Studio Version 17
VisualStudioVersion = 17.2.32616.157
MinimumVisualStudioVersion = 10.0.40219.1
Project("{FAE04EC0-301F-11D3-BF4B-00C04F79EFBC}") = "AlunosAPI", "AlunosAPI.csproj", "{E7E53BD7-2115-42BB-A7D8-D76585DCFD6F}"
EndProject
Global
	GlobalSection(SolutionConfigurationPlatforms) = preSolution
		Debug|Any CPU = Debug|Any CPU
		Release|Any CPU = Release|Any CPU
	EndGlobalSection
	GlobalSection(ProjectConfigurationPlatforms) = postSolution
		{E7E53BD7-2115-42BB-A7D8-D76585DCFD6F}.Debug|Any CPU.ActiveCfg = Debug|Any CPU
		{E7E53BD7-2115-42BB-A7D8-D76585DCFD6F}.Debug|Any CPU.Build.0 = Debug|Any CPU
		{E7E53BD7-2115-42BB-A7D8-D76585DCFD6F}.Release|Any CPU.ActiveCfg = Release|Any CPU
		{E7E53BD7-2115-42BB-A7D8-D76585DCFD6F}.Release|Any CPU.Build.0 = Release|Any CPU
	EndGlobalSection
	GlobalSection(SolutionProperties) = preSolution
		HideSolutionNode = FALSE
	EndGlobalSection
	GlobalSection(ExtensibilityGlobals) = postSolution
		SolutionGuid = {3657C35D-95C5-4AB9-8892-98EBD4E100E3}
	EndGlobalSection
EndGlobal
